// !$*UTF8*$!
{
	archiveVersion = 1;
	classes = {
	};
	objectVersion = 48;
	objects = {

/* Begin PBXBuildFile section */
		D62F237B1FCFE00500ADDC0C /* AppDelegate.swift in Sources */ = {isa = PBXBuildFile; fileRef = D62F237A1FCFE00500ADDC0C /* AppDelegate.swift */; };
		D62F237D1FCFE00500ADDC0C /* ViewController.swift in Sources */ = {isa = PBXBuildFile; fileRef = D62F237C1FCFE00500ADDC0C /* ViewController.swift */; };
		D62F23801FCFE00500ADDC0C /* Main.storyboard in Resources */ = {isa = PBXBuildFile; fileRef = D62F237E1FCFE00500ADDC0C /* Main.storyboard */; };
		D62F23821FCFE00500ADDC0C /* Assets.xcassets in Resources */ = {isa = PBXBuildFile; fileRef = D62F23811FCFE00500ADDC0C /* Assets.xcassets */; };
		D62F23851FCFE00500ADDC0C /* LaunchScreen.storyboard in Resources */ = {isa = PBXBuildFile; fileRef = D62F23831FCFE00500ADDC0C /* LaunchScreen.storyboard */; };
		D62F23901FCFE00500ADDC0C /* SwiftBasicsTests.swift in Sources */ = {isa = PBXBuildFile; fileRef = D62F238F1FCFE00500ADDC0C /* SwiftBasicsTests.swift */; };
		D62F239B1FCFE00500ADDC0C /* SwiftBasicsUITests.swift in Sources */ = {isa = PBXBuildFile; fileRef = D62F239A1FCFE00500ADDC0C /* SwiftBasicsUITests.swift */; };
/* End PBXBuildFile section */

/* Begin PBXContainerItemProxy section */
		D62F238C1FCFE00500ADDC0C /* PBXContainerItemProxy */ = {
			isa = PBXContainerItemProxy;
			containerPortal = D62F236F1FCFE00500ADDC0C /* Project object */;
			proxyType = 1;
			remoteGlobalIDString = D62F23761FCFE00500ADDC0C;
			remoteInfo = SwiftBasics;
		};
		D62F23971FCFE00500ADDC0C /* PBXContainerItemProxy */ = {
			isa = PBXContainerItemProxy;
			containerPortal = D62F236F1FCFE00500ADDC0C /* Project object */;
			proxyType = 1;
			remoteGlobalIDString = D62F23761FCFE00500ADDC0C;
			remoteInfo = SwiftBasics;
		};
/* End PBXContainerItemProxy section */

/* Begin PBXFileReference section */
		D62F23771FCFE00500ADDC0C /* SwiftBasics.app */ = {isa = PBXFileReference; explicitFileType = wrapper.application; includeInIndex = 0; path = SwiftBasics.app; sourceTree = BUILT_PRODUCTS_DIR; };
		D62F237A1FCFE00500ADDC0C /* AppDelegate.swift */ = {isa = PBXFileReference; lastKnownFileType = sourcecode.swift; path = AppDelegate.swift; sourceTree = "<group>"; };
		D62F237C1FCFE00500ADDC0C /* ViewController.swift */ = {isa = PBXFileReference; lastKnownFileType = sourcecode.swift; path = ViewController.swift; sourceTree = "<group>"; };
		D62F237F1FCFE00500ADDC0C /* Base */ = {isa = PBXFileReference; lastKnownFileType = file.storyboard; name = Base; path = Base.lproj/Main.storyboard; sourceTree = "<group>"; };
		D62F23811FCFE00500ADDC0C /* Assets.xcassets */ = {isa = PBXFileReference; lastKnownFileType = folder.assetcatalog; path = Assets.xcassets; sourceTree = "<group>"; };
		D62F23841FCFE00500ADDC0C /* Base */ = {isa = PBXFileReference; lastKnownFileType = file.storyboard; name = Base; path = Base.lproj/LaunchScreen.storyboard; sourceTree = "<group>"; };
		D62F23861FCFE00500ADDC0C /* Info.plist */ = {isa = PBXFileReference; lastKnownFileType = text.plist.xml; path = Info.plist; sourceTree = "<group>"; };
		D62F238B1FCFE00500ADDC0C /* SwiftBasicsTests.xctest */ = {isa = PBXFileReference; explicitFileType = wrapper.cfbundle; includeInIndex = 0; path = SwiftBasicsTests.xctest; sourceTree = BUILT_PRODUCTS_DIR; };
		D62F238F1FCFE00500ADDC0C /* SwiftBasicsTests.swift */ = {isa = PBXFileReference; lastKnownFileType = sourcecode.swift; path = SwiftBasicsTests.swift; sourceTree = "<group>"; };
		D62F23911FCFE00500ADDC0C /* Info.plist */ = {isa = PBXFileReference; lastKnownFileType = text.plist.xml; path = Info.plist; sourceTree = "<group>"; };
		D62F23961FCFE00500ADDC0C /* SwiftBasicsUITests.xctest */ = {isa = PBXFileReference; explicitFileType = wrapper.cfbundle; includeInIndex = 0; path = SwiftBasicsUITests.xctest; sourceTree = BUILT_PRODUCTS_DIR; };
		D62F239A1FCFE00500ADDC0C /* SwiftBasicsUITests.swift */ = {isa = PBXFileReference; lastKnownFileType = sourcecode.swift; path = SwiftBasicsUITests.swift; sourceTree = "<group>"; };
		D62F239C1FCFE00500ADDC0C /* Info.plist */ = {isa = PBXFileReference; lastKnownFileType = text.plist.xml; path = Info.plist; sourceTree = "<group>"; };
/* End PBXFileReference section */

/* Begin PBXFrameworksBuildPhase section */
		D62F23741FCFE00500ADDC0C /* Frameworks */ = {
			isa = PBXFrameworksBuildPhase;
			buildActionMask = 2147483647;
			files = (
			);
			runOnlyForDeploymentPostprocessing = 0;
		};
		D62F23881FCFE00500ADDC0C /* Frameworks */ = {
			isa = PBXFrameworksBuildPhase;
			buildActionMask = 2147483647;
			files = (
			);
			runOnlyForDeploymentPostprocessing = 0;
		};
		D62F23931FCFE00500ADDC0C /* Frameworks */ = {
			isa = PBXFrameworksBuildPhase;
			buildActionMask = 2147483647;
			files = (
			);
			runOnlyForDeploymentPostprocessing = 0;
		};
/* End PBXFrameworksBuildPhase section */

/* Begin PBXGroup section */
		D62F236E1FCFE00500ADDC0C = {
			isa = PBXGroup;
			children = (
				D62F23791FCFE00500ADDC0C /* SwiftBasics */,
				D62F238E1FCFE00500ADDC0C /* SwiftBasicsTests */,
				D62F23991FCFE00500ADDC0C /* SwiftBasicsUITests */,
				D62F23781FCFE00500ADDC0C /* Products */,
			);
			sourceTree = "<group>";
		};
		D62F23781FCFE00500ADDC0C /* Products */ = {
			isa = PBXGroup;
			children = (
				D62F23771FCFE00500ADDC0C /* SwiftBasics.app */,
				D62F238B1FCFE00500ADDC0C /* SwiftBasicsTests.xctest */,
				D62F23961FCFE00500ADDC0C /* SwiftBasicsUITests.xctest */,
			);
			name = Products;
			sourceTree = "<group>";
		};
		D62F23791FCFE00500ADDC0C /* SwiftBasics */ = {
			isa = PBXGroup;
			children = (
				D62F237A1FCFE00500ADDC0C /* AppDelegate.swift */,
				D62F237C1FCFE00500ADDC0C /* ViewController.swift */,
				D62F237E1FCFE00500ADDC0C /* Main.storyboard */,
				D62F23811FCFE00500ADDC0C /* Assets.xcassets */,
				D62F23831FCFE00500ADDC0C /* LaunchScreen.storyboard */,
				D62F23861FCFE00500ADDC0C /* Info.plist */,
			);
			path = SwiftBasics;
			sourceTree = "<group>";
		};
		D62F238E1FCFE00500ADDC0C /* SwiftBasicsTests */ = {
			isa = PBXGroup;
			children = (
				D62F238F1FCFE00500ADDC0C /* SwiftBasicsTests.swift */,
				D62F23911FCFE00500ADDC0C /* Info.plist */,
			);
			path = SwiftBasicsTests;
			sourceTree = "<group>";
		};
		D62F23991FCFE00500ADDC0C /* SwiftBasicsUITests */ = {
			isa = PBXGroup;
			children = (
				D62F239A1FCFE00500ADDC0C /* SwiftBasicsUITests.swift */,
				D62F239C1FCFE00500ADDC0C /* Info.plist */,
			);
			path = SwiftBasicsUITests;
			sourceTree = "<group>";
		};
/* End PBXGroup section */

/* Begin PBXNativeTarget section */
		D62F23761FCFE00500ADDC0C /* SwiftBasics */ = {
			isa = PBXNativeTarget;
			buildConfigurationList = D62F239F1FCFE00500ADDC0C /* Build configuration list for PBXNativeTarget "SwiftBasics" */;
			buildPhases = (
				D62F23731FCFE00500ADDC0C /* Sources */,
				D62F23741FCFE00500ADDC0C /* Frameworks */,
				D62F23751FCFE00500ADDC0C /* Resources */,
			);
			buildRules = (
			);
			dependencies = (
			);
			name = SwiftBasics;
			productName = SwiftBasics;
			productReference = D62F23771FCFE00500ADDC0C /* SwiftBasics.app */;
			productType = "com.apple.product-type.application";
		};
		D62F238A1FCFE00500ADDC0C /* SwiftBasicsTests */ = {
			isa = PBXNativeTarget;
			buildConfigurationList = D62F23A21FCFE00500ADDC0C /* Build configuration list for PBXNativeTarget "SwiftBasicsTests" */;
			buildPhases = (
				D62F23871FCFE00500ADDC0C /* Sources */,
				D62F23881FCFE00500ADDC0C /* Frameworks */,
				D62F23891FCFE00500ADDC0C /* Resources */,
			);
			buildRules = (
			);
			dependencies = (
				D62F238D1FCFE00500ADDC0C /* PBXTargetDependency */,
			);
			name = SwiftBasicsTests;
			productName = SwiftBasicsTests;
			productReference = D62F238B1FCFE00500ADDC0C /* SwiftBasicsTests.xctest */;
			productType = "com.apple.product-type.bundle.unit-test";
		};
		D62F23951FCFE00500ADDC0C /* SwiftBasicsUITests */ = {
			isa = PBXNativeTarget;
			buildConfigurationList = D62F23A51FCFE00500ADDC0C /* Build configuration list for PBXNativeTarget "SwiftBasicsUITests" */;
			buildPhases = (
				D62F23921FCFE00500ADDC0C /* Sources */,
				D62F23931FCFE00500ADDC0C /* Frameworks */,
				D62F23941FCFE00500ADDC0C /* Resources */,
			);
			buildRules = (
			);
			dependencies = (
				D62F23981FCFE00500ADDC0C /* PBXTargetDependency */,
			);
			name = SwiftBasicsUITests;
			productName = SwiftBasicsUITests;
			productReference = D62F23961FCFE00500ADDC0C /* SwiftBasicsUITests.xctest */;
			productType = "com.apple.product-type.bundle.ui-testing";
		};
/* End PBXNativeTarget section */

/* Begin PBXProject section */
		D62F236F1FCFE00500ADDC0C /* Project object */ = {
			isa = PBXProject;
			attributes = {
				LastSwiftUpdateCheck = 0910;
				LastUpgradeCheck = 0910;
				ORGANIZATIONNAME = "赵宏亚";
				TargetAttributes = {
					D62F23761FCFE00500ADDC0C = {
						CreatedOnToolsVersion = 9.1;
						ProvisioningStyle = Automatic;
					};
					D62F238A1FCFE00500ADDC0C = {
						CreatedOnToolsVersion = 9.1;
						ProvisioningStyle = Automatic;
						TestTargetID = D62F23761FCFE00500ADDC0C;
					};
					D62F23951FCFE00500ADDC0C = {
						CreatedOnToolsVersion = 9.1;
						ProvisioningStyle = Automatic;
						TestTargetID = D62F23761FCFE00500ADDC0C;
					};
				};
			};
			buildConfigurationList = D62F23721FCFE00500ADDC0C /* Build configuration list for PBXProject "SwiftBasics" */;
			compatibilityVersion = "Xcode 8.0";
			developmentRegion = en;
			hasScannedForEncodings = 0;
			knownRegions = (
				en,
				Base,
			);
			mainGroup = D62F236E1FCFE00500ADDC0C;
			productRefGroup = D62F23781FCFE00500ADDC0C /* Products */;
			projectDirPath = "";
			projectRoot = "";
			targets = (
				D62F23761FCFE00500ADDC0C /* SwiftBasics */,
				D62F238A1FCFE00500ADDC0C /* SwiftBasicsTests */,
				D62F23951FCFE00500ADDC0C /* SwiftBasicsUITests */,
			);
		};
/* End PBXProject section */

/* Begin PBXResourcesBuildPhase section */
		D62F23751FCFE00500ADDC0C /* Resources */ = {
			isa = PBXResourcesBuildPhase;
			buildActionMask = 2147483647;
			files = (
				D62F23851FCFE00500ADDC0C /* LaunchScreen.storyboard in Resources */,
				D62F23821FCFE00500ADDC0C /* Assets.xcassets in Resources */,
				D62F23801FCFE00500ADDC0C /* Main.storyboard in Resources */,
			);
			runOnlyForDeploymentPostprocessing = 0;
		};
		D62F23891FCFE00500ADDC0C /* Resources */ = {
			isa = PBXResourcesBuildPhase;
			buildActionMask = 2147483647;
			files = (
			);
			runOnlyForDeploymentPostprocessing = 0;
		};
		D62F23941FCFE00500ADDC0C /* Resources */ = {
			isa = PBXResourcesBuildPhase;
			buildActionMask = 2147483647;
			files = (
			);
			runOnlyForDeploymentPostprocessing = 0;
		};
/* End PBXResourcesBuildPhase section */

/* Begin PBXSourcesBuildPhase section */
		D62F23731FCFE00500ADDC0C /* Sources */ = {
			isa = PBXSourcesBuildPhase;
			buildActionMask = 2147483647;
			files = (
				D62F237D1FCFE00500ADDC0C /* ViewController.swift in Sources */,
				D62F237B1FCFE00500ADDC0C /* AppDelegate.swift in Sources */,
			);
			runOnlyForDeploymentPostprocessing = 0;
		};
		D62F23871FCFE00500ADDC0C /* Sources */ = {
			isa = PBXSourcesBuildPhase;
			buildActionMask = 2147483647;
			files = (
				D62F23901FCFE00500ADDC0C /* SwiftBasicsTests.swift in Sources */,
			);
			runOnlyForDeploymentPostprocessing = 0;
		};
		D62F23921FCFE00500ADDC0C /* Sources */ = {
			isa = PBXSourcesBuildPhase;
			buildActionMask = 2147483647;
			files = (
				D62F239B1FCFE00500ADDC0C /* SwiftBasicsUITests.swift in Sources */,
			);
			runOnlyForDeploymentPostprocessing = 0;
		};
/* End PBXSourcesBuildPhase section */

/* Begin PBXTargetDependency section */
		D62F238D1FCFE00500ADDC0C /* PBXTargetDependency */ = {
			isa = PBXTargetDependency;
			target = D62F23761FCFE00500ADDC0C /* SwiftBasics */;
			targetProxy = D62F238C1FCFE00500ADDC0C /* PBXContainerItemProxy */;
		};
		D62F23981FCFE00500ADDC0C /* PBXTargetDependency */ = {
			isa = PBXTargetDependency;
			target = D62F23761FCFE00500ADDC0C /* SwiftBasics */;
			targetProxy = D62F23971FCFE00500ADDC0C /* PBXContainerItemProxy */;
		};
/* End PBXTargetDependency section */

/* Begin PBXVariantGroup section */
		D62F237E1FCFE00500ADDC0C /* Main.storyboard */ = {
			isa = PBXVariantGroup;
			children = (
				D62F237F1FCFE00500ADDC0C /* Base */,
			);
			name = Main.storyboard;
			sourceTree = "<group>";
		};
		D62F23831FCFE00500ADDC0C /* LaunchScreen.storyboard */ = {
			isa = PBXVariantGroup;
			children = (
				D62F23841FCFE00500ADDC0C /* Base */,
			);
			name = LaunchScreen.storyboard;
			sourceTree = "<group>";
		};
/* End PBXVariantGroup section */

/* Begin XCBuildConfiguration section */
		D62F239D1FCFE00500ADDC0C /* Debug */ = {
			isa = XCBuildConfiguration;
			buildSettings = {
				ALWAYS_SEARCH_USER_PATHS = NO;
				CLANG_ANALYZER_NONNULL = YES;
				CLANG_ANALYZER_NUMBER_OBJECT_CONVERSION = YES_AGGRESSIVE;
				CLANG_CXX_LANGUAGE_STANDARD = "gnu++14";
				CLANG_CXX_LIBRARY = "libc++";
				CLANG_ENABLE_MODULES = YES;
				CLANG_ENABLE_OBJC_ARC = YES;
				CLANG_WARN_BLOCK_CAPTURE_AUTORELEASING = YES;
				CLANG_WARN_BOOL_CONVERSION = YES;
				CLANG_WARN_COMMA = YES;
				CLANG_WARN_CONSTANT_CONVERSION = YES;
				CLANG_WARN_DIRECT_OBJC_ISA_USAGE = YES_ERROR;
				CLANG_WARN_DOCUMENTATION_COMMENTS = YES;
				CLANG_WARN_EMPTY_BODY = YES;
				CLANG_WARN_ENUM_CONVERSION = YES;
				CLANG_WARN_INFINITE_RECURSION = YES;
				CLANG_WARN_INT_CONVERSION = YES;
				CLANG_WARN_NON_LITERAL_NULL_CONVERSION = YES;
				CLANG_WARN_OBJC_LITERAL_CONVERSION = YES;
				CLANG_WARN_OBJC_ROOT_CLASS = YES_ERROR;
				CLANG_WARN_RANGE_LOOP_ANALYSIS = YES;
				CLANG_WARN_STRICT_PROTOTYPES = YES;
				CLANG_WARN_SUSPICIOUS_MOVE = YES;
				CLANG_WARN_UNGUARDED_AVAILABILITY = YES_AGGRESSIVE;
				CLANG_WARN_UNREACHABLE_CODE = YES;
				CLANG_WARN__DUPLICATE_METHOD_MATCH = YES;
				CODE_SIGN_IDENTITY = "iPhone Developer";
				COPY_PHASE_STRIP = NO;
				DEBUG_INFORMATION_FORMAT = dwarf;
				ENABLE_STRICT_OBJC_MSGSEND = YES;
				ENABLE_TESTABILITY = YES;
				GCC_C_LANGUAGE_STANDARD = gnu11;
				GCC_DYNAMIC_NO_PIC = NO;
				GCC_NO_COMMON_BLOCKS = YES;
				GCC_OPTIMIZATION_LEVEL = 0;
				GCC_PREPROCESSOR_DEFINITIONS = (
					"DEBUG=1",
					"$(inherited)",
				);
				GCC_WARN_64_TO_32_BIT_CONVERSION = YES;
				GCC_WARN_ABOUT_RETURN_TYPE = YES_ERROR;
				GCC_WARN_UNDECLARED_SELECTOR = YES;
				GCC_WARN_UNINITIALIZED_AUTOS = YES_AGGRESSIVE;
				GCC_WARN_UNUSED_FUNCTION = YES;
				GCC_WARN_UNUSED_VARIABLE = YES;
				IPHONEOS_DEPLOYMENT_TARGET = 11.1;
				MTL_ENABLE_DEBUG_INFO = YES;
				ONLY_ACTIVE_ARCH = YES;
				SDKROOT = iphoneos;
				SWIFT_ACTIVE_COMPILATION_CONDITIONS = DEBUG;
				SWIFT_OPTIMIZATION_LEVEL = "-Onone";
			};
			name = Debug;
		};
		D62F239E1FCFE00500ADDC0C /* Release */ = {
			isa = XCBuildConfiguration;
			buildSettings = {
				ALWAYS_SEARCH_USER_PATHS = NO;
				CLANG_ANALYZER_NONNULL = YES;
				CLANG_ANALYZER_NUMBER_OBJECT_CONVERSION = YES_AGGRESSIVE;
				CLANG_CXX_LANGUAGE_STANDARD = "gnu++14";
				CLANG_CXX_LIBRARY = "libc++";
				CLANG_ENABLE_MODULES = YES;
				CLANG_ENABLE_OBJC_ARC = YES;
				CLANG_WARN_BLOCK_CAPTURE_AUTORELEASING = YES;
				CLANG_WARN_BOOL_CONVERSION = YES;
				CLANG_WARN_COMMA = YES;
				CLANG_WARN_CONSTANT_CONVERSION = YES;
				CLANG_WARN_DIRECT_OBJC_ISA_USAGE = YES_ERROR;
				CLANG_WARN_DOCUMENTATION_COMMENTS = YES;
				CLANG_WARN_EMPTY_BODY = YES;
				CLANG_WARN_ENUM_CONVERSION = YES;
				CLANG_WARN_INFINITE_RECURSION = YES;
				CLANG_WARN_INT_CONVERSION = YES;
				CLANG_WARN_NON_LITERAL_NULL_CONVERSION = YES;
				CLANG_WARN_OBJC_LITERAL_CONVERSION = YES;
				CLANG_WARN_OBJC_ROOT_CLASS = YES_ERROR;
				CLANG_WARN_RANGE_LOOP_ANALYSIS = YES;
				CLANG_WARN_STRICT_PROTOTYPES = YES;
				CLANG_WARN_SUSPICIOUS_MOVE = YES;
				CLANG_WARN_UNGUARDED_AVAILABILITY = YES_AGGRESSIVE;
				CLANG_WARN_UNREACHABLE_CODE = YES;
				CLANG_WARN__DUPLICATE_METHOD_MATCH = YES;
				CODE_SIGN_IDENTITY = "iPhone Developer";
				COPY_PHASE_STRIP = NO;
				DEBUG_INFORMATION_FORMAT = "dwarf-with-dsym";
				ENABLE_NS_ASSERTIONS = NO;
				ENABLE_STRICT_OBJC_MSGSEND = YES;
				GCC_C_LANGUAGE_STANDARD = gnu11;
				GCC_NO_COMMON_BLOCKS = YES;
				GCC_WARN_64_TO_32_BIT_CONVERSION = YES;
				GCC_WARN_ABOUT_RETURN_TYPE = YES_ERROR;
				GCC_WARN_UNDECLARED_SELECTOR = YES;
				GCC_WARN_UNINITIALIZED_AUTOS = YES_AGGRESSIVE;
				GCC_WARN_UNUSED_FUNCTION = YES;
				GCC_WARN_UNUSED_VARIABLE = YES;
				IPHONEOS_DEPLOYMENT_TARGET = 11.1;
				MTL_ENABLE_DEBUG_INFO = NO;
				SDKROOT = iphoneos;
				SWIFT_OPTIMIZATION_LEVEL = "-Owholemodule";
				VALIDATE_PRODUCT = YES;
			};
			name = Release;
		};
		D62F23A01FCFE00500ADDC0C /* Debug */ = {
			isa = XCBuildConfiguration;
			buildSettings = {
				ASSETCATALOG_COMPILER_APPICON_NAME = AppIcon;
				CODE_SIGN_STYLE = Automatic;
				DEVELOPMENT_TEAM = GM2EX5ALF4;
				INFOPLIST_FILE = SwiftBasics/Info.plist;
				LD_RUNPATH_SEARCH_PATHS = "$(inherited) @executable_path/Frameworks";
				PRODUCT_BUNDLE_IDENTIFIER = zhaohongya.SwiftBasics;
				PRODUCT_NAME = "$(TARGET_NAME)";
				SWIFT_VERSION = 4.0;
				TARGETED_DEVICE_FAMILY = "1,2";
			};
			name = Debug;
		};
		D62F23A11FCFE00500ADDC0C /* Release */ = {
			isa = XCBuildConfiguration;
			buildSettings = {
				ASSETCATALOG_COMPILER_APPICON_NAME = AppIcon;
				CODE_SIGN_STYLE = Automatic;
				DEVELOPMENT_TEAM = GM2EX5ALF4;
				INFOPLIST_FILE = SwiftBasics/Info.plist;
				LD_RUNPATH_SEARCH_PATHS = "$(inherited) @executable_path/Frameworks";
				PRODUCT_BUNDLE_IDENTIFIER = zhaohongya.SwiftBasics;
				PRODUCT_NAME = "$(TARGET_NAME)";
				SWIFT_VERSION = 4.0;
				TARGETED_DEVICE_FAMILY = "1,2";
			};
			name = Release;
		};
		D62F23A31FCFE00500ADDC0C /* Debug */ = {
			isa = XCBuildConfiguration;
			buildSettings = {
				ALWAYS_EMBED_SWIFT_STANDARD_LIBRARIES = YES;
				BUNDLE_LOADER = "$(TEST_HOST)";
				CODE_SIGN_STYLE = Automatic;
				DEVELOPMENT_TEAM = GM2EX5ALF4;
				INFOPLIST_FILE = SwiftBasicsTests/Info.plist;
				LD_RUNPATH_SEARCH_PATHS = "$(inherited) @executable_path/Frameworks @loader_path/Frameworks";
				PRODUCT_BUNDLE_IDENTIFIER = zhaohongya.SwiftBasicsTests;
				PRODUCT_NAME = "$(TARGET_NAME)";
				SWIFT_VERSION = 4.0;
				TARGETED_DEVICE_FAMILY = "1,2";
				TEST_HOST = "$(BUILT_PRODUCTS_DIR)/SwiftBasics.app/SwiftBasics";
			};
			name = Debug;
		};
		D62F23A41FCFE00500ADDC0C /* Release */ = {
			isa = XCBuildConfiguration;
			buildSettings = {
				ALWAYS_EMBED_SWIFT_STANDARD_LIBRARIES = YES;
				BUNDLE_LOADER = "$(TEST_HOST)";
				CODE_SIGN_STYLE = Automatic;
				DEVELOPMENT_TEAM = GM2EX5ALF4;
				INFOPLIST_FILE = SwiftBasicsTests/Info.plist;
				LD_RUNPATH_SEARCH_PATHS = "$(inherited) @executable_path/Frameworks @loader_path/Frameworks";
				PRODUCT_BUNDLE_IDENTIFIER = zhaohongya.SwiftBasicsTests;
				PRODUCT_NAME = "$(TARGET_NAME)";
				SWIFT_VERSION = 4.0;
				TARGETED_DEVICE_FAMILY = "1,2";
				TEST_HOST = "$(BUILT_PRODUCTS_DIR)/SwiftBasics.app/SwiftBasics";
			};
			name = Release;
		};
		D62F23A61FCFE00500ADDC0C /* Debug */ = {
			isa = XCBuildConfiguration;
			buildSettings = {
				ALWAYS_EMBED_SWIFT_STANDARD_LIBRARIES = YES;
				CODE_SIGN_STYLE = Automatic;
				DEVELOPMENT_TEAM = GM2EX5ALF4;
				INFOPLIST_FILE = SwiftBasicsUITests/Info.plist;
				LD_RUNPATH_SEARCH_PATHS = "$(inherited) @executable_path/Frameworks @loader_path/Frameworks";
				PRODUCT_BUNDLE_IDENTIFIER = zhaohongya.SwiftBasicsUITests;
				PRODUCT_NAME = "$(TARGET_NAME)";
				SWIFT_VERSION = 4.0;
				TARGETED_DEVICE_FAMILY = "1,2";
				TEST_TARGET_NAME = SwiftBasics;
			};
			name = Debug;
		};
		D62F23A71FCFE00500ADDC0C /* Release */ = {
			isa = XCBuildConfiguration;
			buildSettings = {
				ALWAYS_EMBED_SWIFT_STANDARD_LIBRARIES = YES;
				CODE_SIGN_STYLE = Automatic;
				DEVELOPMENT_TEAM = GM2EX5ALF4;
				INFOPLIST_FILE = SwiftBasicsUITests/Info.plist;
				LD_RUNPATH_SEARCH_PATHS = "$(inherited) @executable_path/Frameworks @loader_path/Frameworks";
				PRODUCT_BUNDLE_IDENTIFIER = zhaohongya.SwiftBasicsUITests;
				PRODUCT_NAME = "$(TARGET_NAME)";
				SWIFT_VERSION = 4.0;
				TARGETED_DEVICE_FAMILY = "1,2";
				TEST_TARGET_NAME = SwiftBasics;
			};
			name = Release;
		};
/* End XCBuildConfiguration section */

/* Begin XCConfigurationList section */
		D62F23721FCFE00500ADDC0C /* Build configuration list for PBXProject "SwiftBasics" */ = {
			isa = XCConfigurationList;
			buildConfigurations = (
				D62F239D1FCFE00500ADDC0C /* Debug */,
				D62F239E1FCFE00500ADDC0C /* Release */,
			);
			defaultConfigurationIsVisible = 0;
			defaultConfigurationName = Release;
		};
		D62F239F1FCFE00500ADDC0C /* Build configuration list for PBXNativeTarget "SwiftBasics" */ = {
			isa = XCConfigurationList;
			buildConfigurations = (
				D62F23A01FCFE00500ADDC0C /* Debug */,
				D62F23A11FCFE00500ADDC0C /* Release */,
			);
			defaultConfigurationIsVisible = 0;
			defaultConfigurationName = Release;
		};
		D62F23A21FCFE00500ADDC0C /* Build configuration list for PBXNativeTarget "SwiftBasicsTests" */ = {
			isa = XCConfigurationList;
			buildConfigurations = (
				D62F23A31FCFE00500ADDC0C /* Debug */,
				D62F23A41FCFE00500ADDC0C /* Release */,
			);
			defaultConfigurationIsVisible = 0;
			defaultConfigurationName = Release;
		};
		D62F23A51FCFE00500ADDC0C /* Build configuration list for PBXNativeTarget "SwiftBasicsUITests" */ = {
			isa = XCConfigurationList;
			buildConfigurations = (
				D62F23A61FCFE00500ADDC0C /* Debug */,
				D62F23A71FCFE00500ADDC0C /* Release */,
			);
			defaultConfigurationIsVisible = 0;
			defaultConfigurationName = Release;
		};
/* End XCConfigurationList section */
	};
	rootObject = D62F236F1FCFE00500ADDC0C /* Project object */;
}
